<Solution>
  <Project Path="AccesoDatos/AccesoDatos.csproj" Id="6a3040e7-d8ef-4f3b-9e8e-b0706745805b" />
  <Project Path="dominio/dominio.csproj" DisplayName="Dominio" Id="1dad7902-cd57-4dbf-9563-7c3ed3fd44c3" />
  <Project Path="TPC-TiendaDeJuegos-Grupo-12b/TPC-TiendaDeJuegos-Grupo-12b.csproj" Id="47409f03-ebd7-4705-ad27-62610cd04a8a" />
</Solution>
